
Microsoft Visual Studio Solution File, Format Version 12.00
# Visual Studio 15
VisualStudioVersion = 15.0.26730.10
MinimumVisualStudioVersion = 10.0.40219.1
Project("{FAE04EC0-301F-11D3-BF4B-00C04F79EFBC}") = "Xamarin_MobileApps_Demo.Android", "Xamarin_MobileApps_Demo\Xamarin_MobileApps_Demo.Android\Xamarin_MobileApps_Demo.Android.csproj", "{5F788AE8-6563-49A0-A89B-858B6B57E583}"
EndProject
Project("{FAE04EC0-301F-11D3-BF4B-00C04F79EFBC}") = "Xamarin_MobileApps_Demo.UWP", "Xamarin_MobileApps_Demo\Xamarin_MobileApps_Demo.UWP\Xamarin_MobileApps_Demo.UWP.csproj", "{887962C4-4B83-4817-9028-BD1408103B2D}"
EndProject
Project("{FAE04EC0-301F-11D3-BF4B-00C04F79EFBC}") = "Xamarin_MobileApps_Demo.iOS", "Xamarin_MobileApps_Demo\Xamarin_MobileApps_Demo.iOS\Xamarin_MobileApps_Demo.iOS.csproj", "{53758E61-F912-4762-95E5-513F2A727464}"
EndProject
Project("{FAE04EC0-301F-11D3-BF4B-00C04F79EFBC}") = "Xamarin_MobileApps_Demo", "Xamarin_MobileApps_STD\Xamarin_MobileApps_Demo.csproj", "{58D4E58C-1CBE-4C84-A857-DF74A935E527}"
EndProject
Global
	GlobalSection(SolutionConfigurationPlatforms) = preSolution
		Ad-Hoc|Any CPU = Ad-Hoc|Any CPU
		Ad-Hoc|ARM = Ad-Hoc|ARM
		Ad-Hoc|iPhone = Ad-Hoc|iPhone
		Ad-Hoc|iPhoneSimulator = Ad-Hoc|iPhoneSimulator
		Ad-Hoc|x64 = Ad-Hoc|x64
		Ad-Hoc|x86 = Ad-Hoc|x86
		AppStore|Any CPU = AppStore|Any CPU
		AppStore|ARM = AppStore|ARM
		AppStore|iPhone = AppStore|iPhone
		AppStore|iPhoneSimulator = AppStore|iPhoneSimulator
		AppStore|x64 = AppStore|x64
		AppStore|x86 = AppStore|x86
		Debug|Any CPU = Debug|Any CPU
		Debug|ARM = Debug|ARM
		Debug|iPhone = Debug|iPhone
		Debug|iPhoneSimulator = Debug|iPhoneSimulator
		Debug|x64 = Debug|x64
		Debug|x86 = Debug|x86
		Release|Any CPU = Release|Any CPU
		Release|ARM = Release|ARM
		Release|iPhone = Release|iPhone
		Release|iPhoneSimulator = Release|iPhoneSimulator
		Release|x64 = Release|x64
		Release|x86 = Release|x86
	EndGlobalSection
	GlobalSection(ProjectConfigurationPlatforms) = postSolution
		{5F788AE8-6563-49A0-A89B-858B6B57E583}.Ad-Hoc|Any CPU.ActiveCfg = Release|Any CPU
		{5F788AE8-6563-49A0-A89B-858B6B57E583}.Ad-Hoc|Any CPU.Build.0 = Release|Any CPU
		{5F788AE8-6563-49A0-A89B-858B6B57E583}.Ad-Hoc|Any CPU.Deploy.0 = Release|Any CPU
		{5F788AE8-6563-49A0-A89B-858B6B57E583}.Ad-Hoc|ARM.ActiveCfg = Release|Any CPU
		{5F788AE8-6563-49A0-A89B-858B6B57E583}.Ad-Hoc|ARM.Build.0 = Release|Any CPU
		{5F788AE8-6563-49A0-A89B-858B6B57E583}.Ad-Hoc|ARM.Deploy.0 = Release|Any CPU
		{5F788AE8-6563-49A0-A89B-858B6B57E583}.Ad-Hoc|iPhone.ActiveCfg = Release|Any CPU
		{5F788AE8-6563-49A0-A89B-858B6B57E583}.Ad-Hoc|iPhone.Build.0 = Release|Any CPU
		{5F788AE8-6563-49A0-A89B-858B6B57E583}.Ad-Hoc|iPhone.Deploy.0 = Release|Any CPU
		{5F788AE8-6563-49A0-A89B-858B6B57E583}.Ad-Hoc|iPhoneSimulator.ActiveCfg = Release|Any CPU
		{5F788AE8-6563-49A0-A89B-858B6B57E583}.Ad-Hoc|iPhoneSimulator.Build.0 = Release|Any CPU
		{5F788AE8-6563-49A0-A89B-858B6B57E583}.Ad-Hoc|iPhoneSimulator.Deploy.0 = Release|Any CPU
		{5F788AE8-6563-49A0-A89B-858B6B57E583}.Ad-Hoc|x64.ActiveCfg = Release|Any CPU
		{5F788AE8-6563-49A0-A89B-858B6B57E583}.Ad-Hoc|x64.Build.0 = Release|Any CPU
		{5F788AE8-6563-49A0-A89B-858B6B57E583}.Ad-Hoc|x64.Deploy.0 = Release|Any CPU
		{5F788AE8-6563-49A0-A89B-858B6B57E583}.Ad-Hoc|x86.ActiveCfg = Release|Any CPU
		{5F788AE8-6563-49A0-A89B-858B6B57E583}.Ad-Hoc|x86.Build.0 = Release|Any CPU
		{5F788AE8-6563-49A0-A89B-858B6B57E583}.Ad-Hoc|x86.Deploy.0 = Release|Any CPU
		{5F788AE8-6563-49A0-A89B-858B6B57E583}.AppStore|Any CPU.ActiveCfg = Release|Any CPU
		{5F788AE8-6563-49A0-A89B-858B6B57E583}.AppStore|Any CPU.Build.0 = Release|Any CPU
		{5F788AE8-6563-49A0-A89B-858B6B57E583}.AppStore|Any CPU.Deploy.0 = Release|Any CPU
		{5F788AE8-6563-49A0-A89B-858B6B57E583}.AppStore|ARM.ActiveCfg = Release|Any CPU
		{5F788AE8-6563-49A0-A89B-858B6B57E583}.AppStore|ARM.Build.0 = Release|Any CPU
		{5F788AE8-6563-49A0-A89B-858B6B57E583}.AppStore|ARM.Deploy.0 = Release|Any CPU
		{5F788AE8-6563-49A0-A89B-858B6B57E583}.AppStore|iPhone.ActiveCfg = Release|Any CPU
		{5F788AE8-6563-49A0-A89B-858B6B57E583}.AppStore|iPhone.Build.0 = Release|Any CPU
		{5F788AE8-6563-49A0-A89B-858B6B57E583}.AppStore|iPhone.Deploy.0 = Release|Any CPU
		{5F788AE8-6563-49A0-A89B-858B6B57E583}.AppStore|iPhoneSimulator.ActiveCfg = Release|Any CPU
		{5F788AE8-6563-49A0-A89B-858B6B57E583}.AppStore|iPhoneSimulator.Build.0 = Release|Any CPU
		{5F788AE8-6563-49A0-A89B-858B6B57E583}.AppStore|iPhoneSimulator.Deploy.0 = Release|Any CPU
		{5F788AE8-6563-49A0-A89B-858B6B57E583}.AppStore|x64.ActiveCfg = Release|Any CPU
		{5F788AE8-6563-49A0-A89B-858B6B57E583}.AppStore|x64.Build.0 = Release|Any CPU
		{5F788AE8-6563-49A0-A89B-858B6B57E583}.AppStore|x64.Deploy.0 = Release|Any CPU
		{5F788AE8-6563-49A0-A89B-858B6B57E583}.AppStore|x86.ActiveCfg = Release|Any CPU
		{5F788AE8-6563-49A0-A89B-858B6B57E583}.AppStore|x86.Build.0 = Release|Any CPU
		{5F788AE8-6563-49A0-A89B-858B6B57E583}.AppStore|x86.Deploy.0 = Release|Any CPU
		{5F788AE8-6563-49A0-A89B-858B6B57E583}.Debug|Any CPU.ActiveCfg = Debug|Any CPU
		{5F788AE8-6563-49A0-A89B-858B6B57E583}.Debug|Any CPU.Build.0 = Debug|Any CPU
		{5F788AE8-6563-49A0-A89B-858B6B57E583}.Debug|Any CPU.Deploy.0 = Debug|Any CPU
		{5F788AE8-6563-49A0-A89B-858B6B57E583}.Debug|ARM.ActiveCfg = Debug|Any CPU
		{5F788AE8-6563-49A0-A89B-858B6B57E583}.Debug|ARM.Build.0 = Debug|Any CPU
		{5F788AE8-6563-49A0-A89B-858B6B57E583}.Debug|ARM.Deploy.0 = Debug|Any CPU
		{5F788AE8-6563-49A0-A89B-858B6B57E583}.Debug|iPhone.ActiveCfg = Debug|Any CPU
		{5F788AE8-6563-49A0-A89B-858B6B57E583}.Debug|iPhone.Build.0 = Debug|Any CPU
		{5F788AE8-6563-49A0-A89B-858B6B57E583}.Debug|iPhone.Deploy.0 = Debug|Any CPU
		{5F788AE8-6563-49A0-A89B-858B6B57E583}.Debug|iPhoneSimulator.ActiveCfg = Debug|Any CPU
		{5F788AE8-6563-49A0-A89B-858B6B57E583}.Debug|iPhoneSimulator.Build.0 = Debug|Any CPU
		{5F788AE8-6563-49A0-A89B-858B6B57E583}.Debug|iPhoneSimulator.Deploy.0 = Debug|Any CPU
		{5F788AE8-6563-49A0-A89B-858B6B57E583}.Debug|x64.ActiveCfg = Debug|Any CPU
		{5F788AE8-6563-49A0-A89B-858B6B57E583}.Debug|x64.Build.0 = Debug|Any CPU
		{5F788AE8-6563-49A0-A89B-858B6B57E583}.Debug|x64.Deploy.0 = Debug|Any CPU
		{5F788AE8-6563-49A0-A89B-858B6B57E583}.Debug|x86.ActiveCfg = Debug|Any CPU
		{5F788AE8-6563-49A0-A89B-858B6B57E583}.Debug|x86.Build.0 = Debug|Any CPU
		{5F788AE8-6563-49A0-A89B-858B6B57E583}.Debug|x86.Deploy.0 = Debug|Any CPU
		{5F788AE8-6563-49A0-A89B-858B6B57E583}.Release|Any CPU.ActiveCfg = Release|Any CPU
		{5F788AE8-6563-49A0-A89B-858B6B57E583}.Release|Any CPU.Build.0 = Release|Any CPU
		{5F788AE8-6563-49A0-A89B-858B6B57E583}.Release|Any CPU.Deploy.0 = Release|Any CPU
		{5F788AE8-6563-49A0-A89B-858B6B57E583}.Release|ARM.ActiveCfg = Release|Any CPU
		{5F788AE8-6563-49A0-A89B-858B6B57E583}.Release|ARM.Build.0 = Release|Any CPU
		{5F788AE8-6563-49A0-A89B-858B6B57E583}.Release|ARM.Deploy.0 = Release|Any CPU
		{5F788AE8-6563-49A0-A89B-858B6B57E583}.Release|iPhone.ActiveCfg = Release|Any CPU
		{5F788AE8-6563-49A0-A89B-858B6B57E583}.Release|iPhone.Build.0 = Release|Any CPU
		{5F788AE8-6563-49A0-A89B-858B6B57E583}.Release|iPhone.Deploy.0 = Release|Any CPU
		{5F788AE8-6563-49A0-A89B-858B6B57E583}.Release|iPhoneSimulator.ActiveCfg = Release|Any CPU
		{5F788AE8-6563-49A0-A89B-858B6B57E583}.Release|iPhoneSimulator.Build.0 = Release|Any CPU
		{5F788AE8-6563-49A0-A89B-858B6B57E583}.Release|iPhoneSimulator.Deploy.0 = Release|Any CPU
		{5F788AE8-6563-49A0-A89B-858B6B57E583}.Release|x64.ActiveCfg = Release|Any CPU
		{5F788AE8-6563-49A0-A89B-858B6B57E583}.Release|x64.Build.0 = Release|Any CPU
		{5F788AE8-6563-49A0-A89B-858B6B57E583}.Release|x64.Deploy.0 = Release|Any CPU
		{5F788AE8-6563-49A0-A89B-858B6B57E583}.Release|x86.ActiveCfg = Release|Any CPU
		{5F788AE8-6563-49A0-A89B-858B6B57E583}.Release|x86.Build.0 = Release|Any CPU
		{5F788AE8-6563-49A0-A89B-858B6B57E583}.Release|x86.Deploy.0 = Release|Any CPU
		{887962C4-4B83-4817-9028-BD1408103B2D}.Ad-Hoc|Any CPU.ActiveCfg = Release|x86
		{887962C4-4B83-4817-9028-BD1408103B2D}.Ad-Hoc|Any CPU.Build.0 = Release|x86
		{887962C4-4B83-4817-9028-BD1408103B2D}.Ad-Hoc|Any CPU.Deploy.0 = Release|x86
		{887962C4-4B83-4817-9028-BD1408103B2D}.Ad-Hoc|ARM.ActiveCfg = Release|ARM
		{887962C4-4B83-4817-9028-BD1408103B2D}.Ad-Hoc|ARM.Build.0 = Release|ARM
		{887962C4-4B83-4817-9028-BD1408103B2D}.Ad-Hoc|ARM.Deploy.0 = Release|ARM
		{887962C4-4B83-4817-9028-BD1408103B2D}.Ad-Hoc|iPhone.ActiveCfg = Release|x86
		{887962C4-4B83-4817-9028-BD1408103B2D}.Ad-Hoc|iPhone.Build.0 = Release|x86
		{887962C4-4B83-4817-9028-BD1408103B2D}.Ad-Hoc|iPhone.Deploy.0 = Release|x86
		{887962C4-4B83-4817-9028-BD1408103B2D}.Ad-Hoc|iPhoneSimulator.ActiveCfg = Release|x86
		{887962C4-4B83-4817-9028-BD1408103B2D}.Ad-Hoc|iPhoneSimulator.Build.0 = Release|x86
		{887962C4-4B83-4817-9028-BD1408103B2D}.Ad-Hoc|iPhoneSimulator.Deploy.0 = Release|x86
		{887962C4-4B83-4817-9028-BD1408103B2D}.Ad-Hoc|x64.ActiveCfg = Release|x64
		{887962C4-4B83-4817-9028-BD1408103B2D}.Ad-Hoc|x64.Build.0 = Release|x64
		{887962C4-4B83-4817-9028-BD1408103B2D}.Ad-Hoc|x64.Deploy.0 = Release|x64
		{887962C4-4B83-4817-9028-BD1408103B2D}.Ad-Hoc|x86.ActiveCfg = Release|x86
		{887962C4-4B83-4817-9028-BD1408103B2D}.Ad-Hoc|x86.Build.0 = Release|x86
		{887962C4-4B83-4817-9028-BD1408103B2D}.Ad-Hoc|x86.Deploy.0 = Release|x86
		{887962C4-4B83-4817-9028-BD1408103B2D}.AppStore|Any CPU.ActiveCfg = Release|x86
		{887962C4-4B83-4817-9028-BD1408103B2D}.AppStore|Any CPU.Build.0 = Release|x86
		{887962C4-4B83-4817-9028-BD1408103B2D}.AppStore|Any CPU.Deploy.0 = Release|x86
		{887962C4-4B83-4817-9028-BD1408103B2D}.AppStore|ARM.ActiveCfg = Release|ARM
		{887962C4-4B83-4817-9028-BD1408103B2D}.AppStore|ARM.Build.0 = Release|ARM
		{887962C4-4B83-4817-9028-BD1408103B2D}.AppStore|ARM.Deploy.0 = Release|ARM
		{887962C4-4B83-4817-9028-BD1408103B2D}.AppStore|iPhone.ActiveCfg = Release|x86
		{887962C4-4B83-4817-9028-BD1408103B2D}.AppStore|iPhone.Build.0 = Release|x86
		{887962C4-4B83-4817-9028-BD1408103B2D}.AppStore|iPhone.Deploy.0 = Release|x86
		{887962C4-4B83-4817-9028-BD1408103B2D}.AppStore|iPhoneSimulator.ActiveCfg = Release|x86
		{887962C4-4B83-4817-9028-BD1408103B2D}.AppStore|iPhoneSimulator.Build.0 = Release|x86
		{887962C4-4B83-4817-9028-BD1408103B2D}.AppStore|iPhoneSimulator.Deploy.0 = Release|x86
		{887962C4-4B83-4817-9028-BD1408103B2D}.AppStore|x64.ActiveCfg = Release|x64
		{887962C4-4B83-4817-9028-BD1408103B2D}.AppStore|x64.Build.0 = Release|x64
		{887962C4-4B83-4817-9028-BD1408103B2D}.AppStore|x64.Deploy.0 = Release|x64
		{887962C4-4B83-4817-9028-BD1408103B2D}.AppStore|x86.ActiveCfg = Release|x86
		{887962C4-4B83-4817-9028-BD1408103B2D}.AppStore|x86.Build.0 = Release|x86
		{887962C4-4B83-4817-9028-BD1408103B2D}.AppStore|x86.Deploy.0 = Release|x86
		{887962C4-4B83-4817-9028-BD1408103B2D}.Debug|Any CPU.ActiveCfg = Debug|x86
		{887962C4-4B83-4817-9028-BD1408103B2D}.Debug|ARM.ActiveCfg = Debug|ARM
		{887962C4-4B83-4817-9028-BD1408103B2D}.Debug|ARM.Build.0 = Debug|ARM
		{887962C4-4B83-4817-9028-BD1408103B2D}.Debug|ARM.Deploy.0 = Debug|ARM
		{887962C4-4B83-4817-9028-BD1408103B2D}.Debug|iPhone.ActiveCfg = Debug|x86
		{887962C4-4B83-4817-9028-BD1408103B2D}.Debug|iPhoneSimulator.ActiveCfg = Debug|x86
		{887962C4-4B83-4817-9028-BD1408103B2D}.Debug|x64.ActiveCfg = Debug|x64
		{887962C4-4B83-4817-9028-BD1408103B2D}.Debug|x64.Build.0 = Debug|x64
		{887962C4-4B83-4817-9028-BD1408103B2D}.Debug|x64.Deploy.0 = Debug|x64
		{887962C4-4B83-4817-9028-BD1408103B2D}.Debug|x86.ActiveCfg = Debug|x86
		{887962C4-4B83-4817-9028-BD1408103B2D}.Debug|x86.Build.0 = Debug|x86
		{887962C4-4B83-4817-9028-BD1408103B2D}.Debug|x86.Deploy.0 = Debug|x86
		{887962C4-4B83-4817-9028-BD1408103B2D}.Release|Any CPU.ActiveCfg = Release|x86
		{887962C4-4B83-4817-9028-BD1408103B2D}.Release|ARM.ActiveCfg = Release|ARM
		{887962C4-4B83-4817-9028-BD1408103B2D}.Release|ARM.Build.0 = Release|ARM
		{887962C4-4B83-4817-9028-BD1408103B2D}.Release|ARM.Deploy.0 = Release|ARM
		{887962C4-4B83-4817-9028-BD1408103B2D}.Release|iPhone.ActiveCfg = Release|x86
		{887962C4-4B83-4817-9028-BD1408103B2D}.Release|iPhoneSimulator.ActiveCfg = Release|x86
		{887962C4-4B83-4817-9028-BD1408103B2D}.Release|x64.ActiveCfg = Release|x64
		{887962C4-4B83-4817-9028-BD1408103B2D}.Release|x64.Build.0 = Release|x64
		{887962C4-4B83-4817-9028-BD1408103B2D}.Release|x64.Deploy.0 = Release|x64
		{887962C4-4B83-4817-9028-BD1408103B2D}.Release|x86.ActiveCfg = Release|x86
		{887962C4-4B83-4817-9028-BD1408103B2D}.Release|x86.Build.0 = Release|x86
		{887962C4-4B83-4817-9028-BD1408103B2D}.Release|x86.Deploy.0 = Release|x86
		{53758E61-F912-4762-95E5-513F2A727464}.Ad-Hoc|Any CPU.ActiveCfg = Ad-Hoc|iPhone
		{53758E61-F912-4762-95E5-513F2A727464}.Ad-Hoc|ARM.ActiveCfg = Ad-Hoc|iPhone
		{53758E61-F912-4762-95E5-513F2A727464}.Ad-Hoc|iPhone.ActiveCfg = Ad-Hoc|iPhone
		{53758E61-F912-4762-95E5-513F2A727464}.Ad-Hoc|iPhone.Build.0 = Ad-Hoc|iPhone
		{53758E61-F912-4762-95E5-513F2A727464}.Ad-Hoc|iPhoneSimulator.ActiveCfg = Ad-Hoc|iPhoneSimulator
		{53758E61-F912-4762-95E5-513F2A727464}.Ad-Hoc|iPhoneSimulator.Build.0 = Ad-Hoc|iPhoneSimulator
		{53758E61-F912-4762-95E5-513F2A727464}.Ad-Hoc|x64.ActiveCfg = Ad-Hoc|iPhone
		{53758E61-F912-4762-95E5-513F2A727464}.Ad-Hoc|x86.ActiveCfg = Ad-Hoc|iPhone
		{53758E61-F912-4762-95E5-513F2A727464}.AppStore|Any CPU.ActiveCfg = AppStore|iPhone
		{53758E61-F912-4762-95E5-513F2A727464}.AppStore|ARM.ActiveCfg = AppStore|iPhone
		{53758E61-F912-4762-95E5-513F2A727464}.AppStore|iPhone.ActiveCfg = AppStore|iPhone
		{53758E61-F912-4762-95E5-513F2A727464}.AppStore|iPhone.Build.0 = AppStore|iPhone
		{53758E61-F912-4762-95E5-513F2A727464}.AppStore|iPhoneSimulator.ActiveCfg = AppStore|iPhoneSimulator
		{53758E61-F912-4762-95E5-513F2A727464}.AppStore|iPhoneSimulator.Build.0 = AppStore|iPhoneSimulator
		{53758E61-F912-4762-95E5-513F2A727464}.AppStore|x64.ActiveCfg = AppStore|iPhone
		{53758E61-F912-4762-95E5-513F2A727464}.AppStore|x86.ActiveCfg = AppStore|iPhone
		{53758E61-F912-4762-95E5-513F2A727464}.Debug|Any CPU.ActiveCfg = Debug|iPhone
		{53758E61-F912-4762-95E5-513F2A727464}.Debug|ARM.ActiveCfg = Debug|iPhone
		{53758E61-F912-4762-95E5-513F2A727464}.Debug|iPhone.ActiveCfg = Debug|iPhone
		{53758E61-F912-4762-95E5-513F2A727464}.Debug|iPhone.Build.0 = Debug|iPhone
		{53758E61-F912-4762-95E5-513F2A727464}.Debug|iPhoneSimulator.ActiveCfg = Debug|iPhoneSimulator
		{53758E61-F912-4762-95E5-513F2A727464}.Debug|iPhoneSimulator.Build.0 = Debug|iPhoneSimulator
		{53758E61-F912-4762-95E5-513F2A727464}.Debug|x64.ActiveCfg = Debug|iPhone
		{53758E61-F912-4762-95E5-513F2A727464}.Debug|x86.ActiveCfg = Debug|iPhone
		{53758E61-F912-4762-95E5-513F2A727464}.Release|Any CPU.ActiveCfg = Release|iPhone
		{53758E61-F912-4762-95E5-513F2A727464}.Release|ARM.ActiveCfg = Release|iPhone
		{53758E61-F912-4762-95E5-513F2A727464}.Release|iPhone.ActiveCfg = Release|iPhone
		{53758E61-F912-4762-95E5-513F2A727464}.Release|iPhone.Build.0 = Release|iPhone
		{53758E61-F912-4762-95E5-513F2A727464}.Release|iPhoneSimulator.ActiveCfg = Release|iPhoneSimulator
		{53758E61-F912-4762-95E5-513F2A727464}.Release|iPhoneSimulator.Build.0 = Release|iPhoneSimulator
		{53758E61-F912-4762-95E5-513F2A727464}.Release|x64.ActiveCfg = Release|iPhone
		{53758E61-F912-4762-95E5-513F2A727464}.Release|x86.ActiveCfg = Release|iPhone
		{58D4E58C-1CBE-4C84-A857-DF74A935E527}.Ad-Hoc|Any CPU.ActiveCfg = Debug|Any CPU
		{58D4E58C-1CBE-4C84-A857-DF74A935E527}.Ad-Hoc|Any CPU.Build.0 = Debug|Any CPU
		{58D4E58C-1CBE-4C84-A857-DF74A935E527}.Ad-Hoc|ARM.ActiveCfg = Debug|Any CPU
		{58D4E58C-1CBE-4C84-A857-DF74A935E527}.Ad-Hoc|ARM.Build.0 = Debug|Any CPU
		{58D4E58C-1CBE-4C84-A857-DF74A935E527}.Ad-Hoc|iPhone.ActiveCfg = Debug|Any CPU
		{58D4E58C-1CBE-4C84-A857-DF74A935E527}.Ad-Hoc|iPhone.Build.0 = Debug|Any CPU
		{58D4E58C-1CBE-4C84-A857-DF74A935E527}.Ad-Hoc|iPhoneSimulator.ActiveCfg = Debug|Any CPU
		{58D4E58C-1CBE-4C84-A857-DF74A935E527}.Ad-Hoc|iPhoneSimulator.Build.0 = Debug|Any CPU
		{58D4E58C-1CBE-4C84-A857-DF74A935E527}.Ad-Hoc|x64.ActiveCfg = Debug|Any CPU
		{58D4E58C-1CBE-4C84-A857-DF74A935E527}.Ad-Hoc|x64.Build.0 = Debug|Any CPU
		{58D4E58C-1CBE-4C84-A857-DF74A935E527}.Ad-Hoc|x86.ActiveCfg = Debug|Any CPU
		{58D4E58C-1CBE-4C84-A857-DF74A935E527}.Ad-Hoc|x86.Build.0 = Debug|Any CPU
		{58D4E58C-1CBE-4C84-A857-DF74A935E527}.AppStore|Any CPU.ActiveCfg = Debug|Any CPU
		{58D4E58C-1CBE-4C84-A857-DF74A935E527}.AppStore|Any CPU.Build.0 = Debug|Any CPU
		{58D4E58C-1CBE-4C84-A857-DF74A935E527}.AppStore|ARM.ActiveCfg = Debug|Any CPU
		{58D4E58C-1CBE-4C84-A857-DF74A935E527}.AppStore|ARM.Build.0 = Debug|Any CPU
		{58D4E58C-1CBE-4C84-A857-DF74A935E527}.AppStore|iPhone.ActiveCfg = Debug|Any CPU
		{58D4E58C-1CBE-4C84-A857-DF74A935E527}.AppStore|iPhone.Build.0 = Debug|Any CPU
		{58D4E58C-1CBE-4C84-A857-DF74A935E527}.AppStore|iPhoneSimulator.ActiveCfg = Debug|Any CPU
		{58D4E58C-1CBE-4C84-A857-DF74A935E527}.AppStore|iPhoneSimulator.Build.0 = Debug|Any CPU
		{58D4E58C-1CBE-4C84-A857-DF74A935E527}.AppStore|x64.ActiveCfg = Debug|Any CPU
		{58D4E58C-1CBE-4C84-A857-DF74A935E527}.AppStore|x64.Build.0 = Debug|Any CPU
		{58D4E58C-1CBE-4C84-A857-DF74A935E527}.AppStore|x86.ActiveCfg = Debug|Any CPU
		{58D4E58C-1CBE-4C84-A857-DF74A935E527}.AppStore|x86.Build.0 = Debug|Any CPU
		{58D4E58C-1CBE-4C84-A857-DF74A935E527}.Debug|Any CPU.ActiveCfg = Debug|Any CPU
		{58D4E58C-1CBE-4C84-A857-DF74A935E527}.Debug|Any CPU.Build.0 = Debug|Any CPU
		{58D4E58C-1CBE-4C84-A857-DF74A935E527}.Debug|ARM.ActiveCfg = Debug|Any CPU
		{58D4E58C-1CBE-4C84-A857-DF74A935E527}.Debug|ARM.Build.0 = Debug|Any CPU
		{58D4E58C-1CBE-4C84-A857-DF74A935E527}.Debug|iPhone.ActiveCfg = Debug|Any CPU
		{58D4E58C-1CBE-4C84-A857-DF74A935E527}.Debug|iPhone.Build.0 = Debug|Any CPU
		{58D4E58C-1CBE-4C84-A857-DF74A935E527}.Debug|iPhoneSimulator.ActiveCfg = Debug|Any CPU
		{58D4E58C-1CBE-4C84-A857-DF74A935E527}.Debug|iPhoneSimulator.Build.0 = Debug|Any CPU
		{58D4E58C-1CBE-4C84-A857-DF74A935E527}.Debug|x64.ActiveCfg = Debug|Any CPU
		{58D4E58C-1CBE-4C84-A857-DF74A935E527}.Debug|x64.Build.0 = Debug|Any CPU
		{58D4E58C-1CBE-4C84-A857-DF74A935E527}.Debug|x86.ActiveCfg = Debug|Any CPU
		{58D4E58C-1CBE-4C84-A857-DF74A935E527}.Debug|x86.Build.0 = Debug|Any CPU
		{58D4E58C-1CBE-4C84-A857-DF74A935E527}.Release|Any CPU.ActiveCfg = Release|Any CPU
		{58D4E58C-1CBE-4C84-A857-DF74A935E527}.Release|Any CPU.Build.0 = Release|Any CPU
		{58D4E58C-1CBE-4C84-A857-DF74A935E527}.Release|ARM.ActiveCfg = Release|Any CPU
		{58D4E58C-1CBE-4C84-A857-DF74A935E527}.Release|ARM.Build.0 = Release|Any CPU
		{58D4E58C-1CBE-4C84-A857-DF74A935E527}.Release|iPhone.ActiveCfg = Release|Any CPU
		{58D4E58C-1CBE-4C84-A857-DF74A935E527}.Release|iPhone.Build.0 = Release|Any CPU
		{58D4E58C-1CBE-4C84-A857-DF74A935E527}.Release|iPhoneSimulator.ActiveCfg = Release|Any CPU
		{58D4E58C-1CBE-4C84-A857-DF74A935E527}.Release|iPhoneSimulator.Build.0 = Release|Any CPU
		{58D4E58C-1CBE-4C84-A857-DF74A935E527}.Release|x64.ActiveCfg = Release|Any CPU
		{58D4E58C-1CBE-4C84-A857-DF74A935E527}.Release|x64.Build.0 = Release|Any CPU
		{58D4E58C-1CBE-4C84-A857-DF74A935E527}.Release|x86.ActiveCfg = Release|Any CPU
		{58D4E58C-1CBE-4C84-A857-DF74A935E527}.Release|x86.Build.0 = Release|Any CPU
	EndGlobalSection
	GlobalSection(SolutionProperties) = preSolution
		HideSolutionNode = FALSE
	EndGlobalSection
	GlobalSection(ExtensibilityGlobals) = postSolution
		SolutionGuid = {8A75C5AA-01FD-4BB7-9F63-239607BC544C}
	EndGlobalSection
EndGlobal
